
Microsoft Visual Studio Solution File, Format Version 12.00
# Visual Studio Version 16
VisualStudioVersion = 16.0.31624.102
MinimumVisualStudioVersion = 10.0.40219.1
Project("{FAE04EC0-301F-11D3-BF4B-00C04F79EFBC}") = "CVApplication", "CVApplication\CVApplication.csproj", "{FCF5CC00-9216-451D-A70A-51B8683F185F}"
EndProject
Global
	GlobalSection(SolutionConfigurationPlatforms) = preSolution
		Debug|Any CPU = Debug|Any CPU
		Release|Any CPU = Release|Any CPU
	EndGlobalSection
	GlobalSection(ProjectConfigurationPlatforms) = postSolution
		{FCF5CC00-9216-451D-A70A-51B8683F185F}.Debug|Any CPU.ActiveCfg = Debug|Any CPU
		{FCF5CC00-9216-451D-A70A-51B8683F185F}.Debug|Any CPU.Build.0 = Debug|Any CPU
		{FCF5CC00-9216-451D-A70A-51B8683F185F}.Release|Any CPU.ActiveCfg = Release|Any CPU
		{FCF5CC00-9216-451D-A70A-51B8683F185F}.Release|Any CPU.Build.0 = Release|Any CPU
	EndGlobalSection
	GlobalSection(SolutionProperties) = preSolution
		HideSolutionNode = FALSE
	EndGlobalSection
	GlobalSection(ExtensibilityGlobals) = postSolution
		SolutionGuid = {212C41A1-01B3-4E8F-BBF1-79BFFEDBA3A9}
	EndGlobalSection
EndGlobal
